// !$*UTF8*$!
{
	archiveVersion = 1;
	classes = {
	};
	objectVersion = 55;
	objects = {

/* Begin PBXBuildFile section */
		647578B927E2CB730008B848 /* SwiftUI_ButtonStyleApp.swift in Sources */ = {isa = PBXBuildFile; fileRef = 647578B827E2CB730008B848 /* SwiftUI_ButtonStyleApp.swift */; };
		647578BB27E2CB730008B848 /* ContentView.swift in Sources */ = {isa = PBXBuildFile; fileRef = 647578BA27E2CB730008B848 /* ContentView.swift */; };
		647578BD27E2CB780008B848 /* Assets.xcassets in Resources */ = {isa = PBXBuildFile; fileRef = 647578BC27E2CB780008B848 /* Assets.xcassets */; };
		647578C027E2CB780008B848 /* Preview Assets.xcassets in Resources */ = {isa = PBXBuildFile; fileRef = 647578BF27E2CB780008B848 /* Preview Assets.xcassets */; };
		647578C727E2F1300008B848 /* MyButtonStyle.swift in Sources */ = {isa = PBXBuildFile; fileRef = 647578C627E2F1300008B848 /* MyButtonStyle.swift */; };
		647578C927E30C210008B848 /* MyRotateButtonStyle.swift in Sources */ = {isa = PBXBuildFile; fileRef = 647578C827E30C210008B848 /* MyRotateButtonStyle.swift */; };
		647578CB27E30D8A0008B848 /* MySmallerButtonStyle.swift in Sources */ = {isa = PBXBuildFile; fileRef = 647578CA27E30D8A0008B848 /* MySmallerButtonStyle.swift */; };
		647578CD27E30FA90008B848 /* MyBlurButtonStyle.swift in Sources */ = {isa = PBXBuildFile; fileRef = 647578CC27E30FA90008B848 /* MyBlurButtonStyle.swift */; };
/* End PBXBuildFile section */

/* Begin PBXFileReference section */
		647578B527E2CB730008B848 /* SwiftUI_ButtonStyle.app */ = {isa = PBXFileReference; explicitFileType = wrapper.application; includeInIndex = 0; path = SwiftUI_ButtonStyle.app; sourceTree = BUILT_PRODUCTS_DIR; };
		647578B827E2CB730008B848 /* SwiftUI_ButtonStyleApp.swift */ = {isa = PBXFileReference; lastKnownFileType = sourcecode.swift; path = SwiftUI_ButtonStyleApp.swift; sourceTree = "<group>"; };
		647578BA27E2CB730008B848 /* ContentView.swift */ = {isa = PBXFileReference; lastKnownFileType = sourcecode.swift; path = ContentView.swift; sourceTree = "<group>"; };
		647578BC27E2CB780008B848 /* Assets.xcassets */ = {isa = PBXFileReference; lastKnownFileType = folder.assetcatalog; path = Assets.xcassets; sourceTree = "<group>"; };
		647578BF27E2CB780008B848 /* Preview Assets.xcassets */ = {isa = PBXFileReference; lastKnownFileType = folder.assetcatalog; path = "Preview Assets.xcassets"; sourceTree = "<group>"; };
		647578C627E2F1300008B848 /* MyButtonStyle.swift */ = {isa = PBXFileReference; lastKnownFileType = sourcecode.swift; path = MyButtonStyle.swift; sourceTree = "<group>"; };
		647578C827E30C210008B848 /* MyRotateButtonStyle.swift */ = {isa = PBXFileReference; lastKnownFileType = sourcecode.swift; path = MyRotateButtonStyle.swift; sourceTree = "<group>"; };
		647578CA27E30D8A0008B848 /* MySmallerButtonStyle.swift */ = {isa = PBXFileReference; lastKnownFileType = sourcecode.swift; path = MySmallerButtonStyle.swift; sourceTree = "<group>"; };
		647578CC27E30FA90008B848 /* MyBlurButtonStyle.swift */ = {isa = PBXFileReference; lastKnownFileType = sourcecode.swift; path = MyBlurButtonStyle.swift; sourceTree = "<group>"; };
/* End PBXFileReference section */

/* Begin PBXFrameworksBuildPhase section */
		647578B227E2CB730008B848 /* Frameworks */ = {
			isa = PBXFrameworksBuildPhase;
			buildActionMask = 2147483647;
			files = (
			);
			runOnlyForDeploymentPostprocessing = 0;
		};
/* End PBXFrameworksBuildPhase section */

/* Begin PBXGroup section */
		647578AC27E2CB730008B848 = {
			isa = PBXGroup;
			children = (
				647578B727E2CB730008B848 /* SwiftUI_ButtonStyle */,
				647578B627E2CB730008B848 /* Products */,
			);
			sourceTree = "<group>";
		};
		647578B627E2CB730008B848 /* Products */ = {
			isa = PBXGroup;
			children = (
				647578B527E2CB730008B848 /* SwiftUI_ButtonStyle.app */,
			);
			name = Products;
			sourceTree = "<group>";
		};
		647578B727E2CB730008B848 /* SwiftUI_ButtonStyle */ = {
			isa = PBXGroup;
			children = (
				647578B827E2CB730008B848 /* SwiftUI_ButtonStyleApp.swift */,
				647578BA27E2CB730008B848 /* ContentView.swift */,
				647578CC27E30FA90008B848 /* MyBlurButtonStyle.swift */,
				647578CA27E30D8A0008B848 /* MySmallerButtonStyle.swift */,
				647578C827E30C210008B848 /* MyRotateButtonStyle.swift */,
				647578C627E2F1300008B848 /* MyButtonStyle.swift */,
				647578BC27E2CB780008B848 /* Assets.xcassets */,
				647578BE27E2CB780008B848 /* Preview Content */,
			);
			path = SwiftUI_ButtonStyle;
			sourceTree = "<group>";
		};
		647578BE27E2CB780008B848 /* Preview Content */ = {
			isa = PBXGroup;
			children = (
				647578BF27E2CB780008B848 /* Preview Assets.xcassets */,
			);
			path = "Preview Content";
			sourceTree = "<group>";
		};
/* End PBXGroup section */

/* Begin PBXNativeTarget section */
		647578B427E2CB730008B848 /* SwiftUI_ButtonStyle */ = {
			isa = PBXNativeTarget;
			buildConfigurationList = 647578C327E2CB780008B848 /* Build configuration list for PBXNativeTarget "SwiftUI_ButtonStyle" */;
			buildPhases = (
				647578B127E2CB730008B848 /* Sources */,
				647578B227E2CB730008B848 /* Frameworks */,
				647578B327E2CB730008B848 /* Resources */,
			);
			buildRules = (
			);
			dependencies = (
			);
			name = SwiftUI_ButtonStyle;
			productName = SwiftUI_ButtonStyle;
			productReference = 647578B527E2CB730008B848 /* SwiftUI_ButtonStyle.app */;
			productType = "com.apple.product-type.application";
		};
/* End PBXNativeTarget section */

/* Begin PBXProject section */
		647578AD27E2CB730008B848 /* Project object */ = {
			isa = PBXProject;
			attributes = {
				BuildIndependentTargetsInParallel = 1;
				LastSwiftUpdateCheck = 1330;
				LastUpgradeCheck = 1330;
				TargetAttributes = {
					647578B427E2CB730008B848 = {
						CreatedOnToolsVersion = 13.3;
					};
				};
			};
			buildConfigurationList = 647578B027E2CB730008B848 /* Build configuration list for PBXProject "SwiftUI_ButtonStyle" */;
			compatibilityVersion = "Xcode 13.0";
			developmentRegion = en;
			hasScannedForEncodings = 0;
			knownRegions = (
				en,
				Base,
			);
			mainGroup = 647578AC27E2CB730008B848;
			productRefGroup = 647578B627E2CB730008B848 /* Products */;
			projectDirPath = "";
			projectRoot = "";
			targets = (
				647578B427E2CB730008B848 /* SwiftUI_ButtonStyle */,
			);
		};
/* End PBXProject section */

/* Begin PBXResourcesBuildPhase section */
		647578B327E2CB730008B848 /* Resources */ = {
			isa = PBXResourcesBuildPhase;
			buildActionMask = 2147483647;
			files = (
				647578C027E2CB780008B848 /* Preview Assets.xcassets in Resources */,
				647578BD27E2CB780008B848 /* Assets.xcassets in Resources */,
			);
			runOnlyForDeploymentPostprocessing = 0;
		};
/* End PBXResourcesBuildPhase section */

/* Begin PBXSourcesBuildPhase section */
		647578B127E2CB730008B848 /* Sources */ = {
			isa = PBXSourcesBuildPhase;
			buildActionMask = 2147483647;
			files = (
				647578CB27E30D8A0008B848 /* MySmallerButtonStyle.swift in Sources */,
				647578BB27E2CB730008B848 /* ContentView.swift in Sources */,
				647578C727E2F1300008B848 /* MyButtonStyle.swift in Sources */,
				647578C927E30C210008B848 /* MyRotateButtonStyle.swift in Sources */,
				647578CD27E30FA90008B848 /* MyBlurButtonStyle.swift in Sources */,
				647578B927E2CB730008B848 /* SwiftUI_ButtonStyleApp.swift in Sources */,
			);
			runOnlyForDeploymentPostprocessing = 0;
		};
/* End PBXSourcesBuildPhase section */

/* Begin XCBuildConfiguration section */
		647578C127E2CB780008B848 /* Debug */ = {
			isa = XCBuildConfiguration;
			buildSettings = {
				ALWAYS_SEARCH_USER_PATHS = NO;
				CLANG_ANALYZER_NONNULL = YES;
				CLANG_ANALYZER_NUMBER_OBJECT_CONVERSION = YES_AGGRESSIVE;
				CLANG_CXX_LANGUAGE_STANDARD = "gnu++17";
				CLANG_ENABLE_MODULES = YES;
				CLANG_ENABLE_OBJC_ARC = YES;
				CLANG_ENABLE_OBJC_WEAK = YES;
				CLANG_WARN_BLOCK_CAPTURE_AUTORELEASING = YES;
				CLANG_WARN_BOOL_CONVERSION = YES;
				CLANG_WARN_COMMA = YES;
				CLANG_WARN_CONSTANT_CONVERSION = YES;
				CLANG_WARN_DEPRECATED_OBJC_IMPLEMENTATIONS = YES;
				CLANG_WARN_DIRECT_OBJC_ISA_USAGE = YES_ERROR;
				CLANG_WARN_DOCUMENTATION_COMMENTS = YES;
				CLANG_WARN_EMPTY_BODY = YES;
				CLANG_WARN_ENUM_CONVERSION = YES;
				CLANG_WARN_INFINITE_RECURSION = YES;
				CLANG_WARN_INT_CONVERSION = YES;
				CLANG_WARN_NON_LITERAL_NULL_CONVERSION = YES;
				CLANG_WARN_OBJC_IMPLICIT_RETAIN_SELF = YES;
				CLANG_WARN_OBJC_LITERAL_CONVERSION = YES;
				CLANG_WARN_OBJC_ROOT_CLASS = YES_ERROR;
				CLANG_WARN_QUOTED_INCLUDE_IN_FRAMEWORK_HEADER = YES;
				CLANG_WARN_RANGE_LOOP_ANALYSIS = YES;
				CLANG_WARN_STRICT_PROTOTYPES = YES;
				CLANG_WARN_SUSPICIOUS_MOVE = YES;
				CLANG_WARN_UNGUARDED_AVAILABILITY = YES_AGGRESSIVE;
				CLANG_WARN_UNREACHABLE_CODE = YES;
				CLANG_WARN__DUPLICATE_METHOD_MATCH = YES;
				COPY_PHASE_STRIP = NO;
				DEBUG_INFORMATION_FORMAT = dwarf;
				ENABLE_STRICT_OBJC_MSGSEND = YES;
				ENABLE_TESTABILITY = YES;
				GCC_C_LANGUAGE_STANDARD = gnu11;
				GCC_DYNAMIC_NO_PIC = NO;
				GCC_NO_COMMON_BLOCKS = YES;
				GCC_OPTIMIZATION_LEVEL = 0;
				GCC_PREPROCESSOR_DEFINITIONS = (
					"DEBUG=1",
					"$(inherited)",
				);
				GCC_WARN_64_TO_32_BIT_CONVERSION = YES;
				GCC_WARN_ABOUT_RETURN_TYPE = YES_ERROR;
				GCC_WARN_UNDECLARED_SELECTOR = YES;
				GCC_WARN_UNINITIALIZED_AUTOS = YES_AGGRESSIVE;
				GCC_WARN_UNUSED_FUNCTION = YES;
				GCC_WARN_UNUSED_VARIABLE = YES;
				IPHONEOS_DEPLOYMENT_TARGET = 15.4;
				MTL_ENABLE_DEBUG_INFO = INCLUDE_SOURCE;
				MTL_FAST_MATH = YES;
				ONLY_ACTIVE_ARCH = YES;
				SDKROOT = iphoneos;
				SWIFT_ACTIVE_COMPILATION_CONDITIONS = DEBUG;
				SWIFT_OPTIMIZATION_LEVEL = "-Onone";
			};
			name = Debug;
		};
		647578C227E2CB780008B848 /* Release */ = {
			isa = XCBuildConfiguration;
			buildSettings = {
				ALWAYS_SEARCH_USER_PATHS = NO;
				CLANG_ANALYZER_NONNULL = YES;
				CLANG_ANALYZER_NUMBER_OBJECT_CONVERSION = YES_AGGRESSIVE;
				CLANG_CXX_LANGUAGE_STANDARD = "gnu++17";
				CLANG_ENABLE_MODULES = YES;
				CLANG_ENABLE_OBJC_ARC = YES;
				CLANG_ENABLE_OBJC_WEAK = YES;
				CLANG_WARN_BLOCK_CAPTURE_AUTORELEASING = YES;
				CLANG_WARN_BOOL_CONVERSION = YES;
				CLANG_WARN_COMMA = YES;
				CLANG_WARN_CONSTANT_CONVERSION = YES;
				CLANG_WARN_DEPRECATED_OBJC_IMPLEMENTATIONS = YES;
				CLANG_WARN_DIRECT_OBJC_ISA_USAGE = YES_ERROR;
				CLANG_WARN_DOCUMENTATION_COMMENTS = YES;
				CLANG_WARN_EMPTY_BODY = YES;
				CLANG_WARN_ENUM_CONVERSION = YES;
				CLANG_WARN_INFINITE_RECURSION = YES;
				CLANG_WARN_INT_CONVERSION = YES;
				CLANG_WARN_NON_LITERAL_NULL_CONVERSION = YES;
				CLANG_WARN_OBJC_IMPLICIT_RETAIN_SELF = YES;
				CLANG_WARN_OBJC_LITERAL_CONVERSION = YES;
				CLANG_WARN_OBJC_ROOT_CLASS = YES_ERROR;
				CLANG_WARN_QUOTED_INCLUDE_IN_FRAMEWORK_HEADER = YES;
				CLANG_WARN_RANGE_LOOP_ANALYSIS = YES;
				CLANG_WARN_STRICT_PROTOTYPES = YES;
				CLANG_WARN_SUSPICIOUS_MOVE = YES;
				CLANG_WARN_UNGUARDED_AVAILABILITY = YES_AGGRESSIVE;
				CLANG_WARN_UNREACHABLE_CODE = YES;
				CLANG_WARN__DUPLICATE_METHOD_MATCH = YES;
				COPY_PHASE_STRIP = NO;
				DEBUG_INFORMATION_FORMAT = "dwarf-with-dsym";
				ENABLE_NS_ASSERTIONS = NO;
				ENABLE_STRICT_OBJC_MSGSEND = YES;
				GCC_C_LANGUAGE_STANDARD = gnu11;
				GCC_NO_COMMON_BLOCKS = YES;
				GCC_WARN_64_TO_32_BIT_CONVERSION = YES;
				GCC_WARN_ABOUT_RETURN_TYPE = YES_ERROR;
				GCC_WARN_UNDECLARED_SELECTOR = YES;
				GCC_WARN_UNINITIALIZED_AUTOS = YES_AGGRESSIVE;
				GCC_WARN_UNUSED_FUNCTION = YES;
				GCC_WARN_UNUSED_VARIABLE = YES;
				IPHONEOS_DEPLOYMENT_TARGET = 15.4;
				MTL_ENABLE_DEBUG_INFO = NO;
				MTL_FAST_MATH = YES;
				SDKROOT = iphoneos;
				SWIFT_COMPILATION_MODE = wholemodule;
				SWIFT_OPTIMIZATION_LEVEL = "-O";
				VALIDATE_PRODUCT = YES;
			};
			name = Release;
		};
		647578C427E2CB780008B848 /* Debug */ = {
			isa = XCBuildConfiguration;
			buildSettings = {
				ASSETCATALOG_COMPILER_APPICON_NAME = AppIcon;
				ASSETCATALOG_COMPILER_GLOBAL_ACCENT_COLOR_NAME = AccentColor;
				CODE_SIGN_STYLE = Automatic;
				CURRENT_PROJECT_VERSION = 1;
				DEVELOPMENT_ASSET_PATHS = "\"SwiftUI_ButtonStyle/Preview Content\"";
				DEVELOPMENT_TEAM = U3HD8N2UP9;
				ENABLE_PREVIEWS = YES;
				GENERATE_INFOPLIST_FILE = YES;
				INFOPLIST_KEY_UIApplicationSceneManifest_Generation = YES;
				INFOPLIST_KEY_UIApplicationSupportsIndirectInputEvents = YES;
				INFOPLIST_KEY_UILaunchScreen_Generation = YES;
				INFOPLIST_KEY_UISupportedInterfaceOrientations_iPad = "UIInterfaceOrientationPortrait UIInterfaceOrientationPortraitUpsideDown UIInterfaceOrientationLandscapeLeft UIInterfaceOrientationLandscapeRight";
				INFOPLIST_KEY_UISupportedInterfaceOrientations_iPhone = "UIInterfaceOrientationPortrait UIInterfaceOrientationLandscapeLeft UIInterfaceOrientationLandscapeRight";
				IPHONEOS_DEPLOYMENT_TARGET = 15.0;
				LD_RUNPATH_SEARCH_PATHS = (
					"$(inherited)",
					"@executable_path/Frameworks",
				);
				MARKETING_VERSION = 1.0;
				PRODUCT_BUNDLE_IDENTIFIER = "com.nabiee.SwiftUI-ButtonStyle";
				PRODUCT_NAME = "$(TARGET_NAME)";
				SWIFT_EMIT_LOC_STRINGS = YES;
				SWIFT_VERSION = 5.0;
				TARGETED_DEVICE_FAMILY = "1,2";
			};
			name = Debug;
		};
		647578C527E2CB780008B848 /* Release */ = {
			isa = XCBuildConfiguration;
			buildSettings = {
				ASSETCATALOG_COMPILER_APPICON_NAME = AppIcon;
				ASSETCATALOG_COMPILER_GLOBAL_ACCENT_COLOR_NAME = AccentColor;
				CODE_SIGN_STYLE = Automatic;
				CURRENT_PROJECT_VERSION = 1;
				DEVELOPMENT_ASSET_PATHS = "\"SwiftUI_ButtonStyle/Preview Content\"";
				DEVELOPMENT_TEAM = U3HD8N2UP9;
				ENABLE_PREVIEWS = YES;
				GENERATE_INFOPLIST_FILE = YES;
				INFOPLIST_KEY_UIApplicationSceneManifest_Generation = YES;
				INFOPLIST_KEY_UIApplicationSupportsIndirectInputEvents = YES;
				INFOPLIST_KEY_UILaunchScreen_Generation = YES;
				INFOPLIST_KEY_UISupportedInterfaceOrientations_iPad = "UIInterfaceOrientationPortrait UIInterfaceOrientationPortraitUpsideDown UIInterfaceOrientationLandscapeLeft UIInterfaceOrientationLandscapeRight";
				INFOPLIST_KEY_UISupportedInterfaceOrientations_iPhone = "UIInterfaceOrientationPortrait UIInterfaceOrientationLandscapeLeft UIInterfaceOrientationLandscapeRight";
				IPHONEOS_DEPLOYMENT_TARGET = 15.0;
				LD_RUNPATH_SEARCH_PATHS = (
					"$(inherited)",
					"@executable_path/Frameworks",
				);
				MARKETING_VERSION = 1.0;
				PRODUCT_BUNDLE_IDENTIFIER = "com.nabiee.SwiftUI-ButtonStyle";
				PRODUCT_NAME = "$(TARGET_NAME)";
				SWIFT_EMIT_LOC_STRINGS = YES;
				SWIFT_VERSION = 5.0;
				TARGETED_DEVICE_FAMILY = "1,2";
			};
			name = Release;
		};
/* End XCBuildConfiguration section */

/* Begin XCConfigurationList section */
		647578B027E2CB730008B848 /* Build configuration list for PBXProject "SwiftUI_ButtonStyle" */ = {
			isa = XCConfigurationList;
			buildConfigurations = (
				647578C127E2CB780008B848 /* Debug */,
				647578C227E2CB780008B848 /* Release */,
			);
			defaultConfigurationIsVisible = 0;
			defaultConfigurationName = Release;
		};
		647578C327E2CB780008B848 /* Build configuration list for PBXNativeTarget "SwiftUI_ButtonStyle" */ = {
			isa = XCConfigurationList;
			buildConfigurations = (
				647578C427E2CB780008B848 /* Debug */,
				647578C527E2CB780008B848 /* Release */,
			);
			defaultConfigurationIsVisible = 0;
			defaultConfigurationName = Release;
		};
/* End XCConfigurationList section */
	};
	rootObject = 647578AD27E2CB730008B848 /* Project object */;
}
